# This file is automatically @generated by Cargo.
# It is not intended for manual editing.
version = 4

[[package]]
name = "easymanage-agent"
version = "0.1.0"
dependencies = [
 "easymanage-protocol",
 "easymanage-runtime",
]

[[package]]
name = "easymanage-protocol"
version = "0.1.0"

[[package]]
name = "easymanage-runtime"
version = "0.1.0"

[[package]]
name = "easymanage-server"
version = "0.1.0"
dependencies = [
 "easymanage-protocol",
 "easymanage-runtime",
]
